// !$*UTF8*$!
{
	archiveVersion = 1;
	classes = {
	};
	objectVersion = 50;
	objects = {

/* Begin PBXBuildFile section */
		2051F31F239636B10018B7B4 /* AppDelegate.swift in Sources */ = {isa = PBXBuildFile; fileRef = 2051F31E239636B10018B7B4 /* AppDelegate.swift */; };
		2051F321239636B10018B7B4 /* SceneDelegate.swift in Sources */ = {isa = PBXBuildFile; fileRef = 2051F320239636B10018B7B4 /* SceneDelegate.swift */; };
		2051F323239636B10018B7B4 /* ViewController.swift in Sources */ = {isa = PBXBuildFile; fileRef = 2051F322239636B10018B7B4 /* ViewController.swift */; };
		2051F326239636B10018B7B4 /* Main.storyboard in Resources */ = {isa = PBXBuildFile; fileRef = 2051F324239636B10018B7B4 /* Main.storyboard */; };
		2051F329239636B10018B7B4 /* MADRevisionPaper2.xcdatamodeld in Sources */ = {isa = PBXBuildFile; fileRef = 2051F327239636B10018B7B4 /* MADRevisionPaper2.xcdatamodeld */; };
		2051F32B239636B20018B7B4 /* Assets.xcassets in Resources */ = {isa = PBXBuildFile; fileRef = 2051F32A239636B20018B7B4 /* Assets.xcassets */; };
		2051F32E239636B20018B7B4 /* LaunchScreen.storyboard in Resources */ = {isa = PBXBuildFile; fileRef = 2051F32C239636B20018B7B4 /* LaunchScreen.storyboard */; };
		2051F33823963AFA0018B7B4 /* Recipe.swift in Sources */ = {isa = PBXBuildFile; fileRef = 2051F33723963AFA0018B7B4 /* Recipe.swift */; };
		2051F33A23963B0C0018B7B4 /* Ingredient.swift in Sources */ = {isa = PBXBuildFile; fileRef = 2051F33923963B0C0018B7B4 /* Ingredient.swift */; };
		2051F33C23963BA60018B7B4 /* RecipeController.swift in Sources */ = {isa = PBXBuildFile; fileRef = 2051F33B23963BA60018B7B4 /* RecipeController.swift */; };
		2051F33E23963D2D0018B7B4 /* AddRecipeViewController.swift in Sources */ = {isa = PBXBuildFile; fileRef = 2051F33D23963D2D0018B7B4 /* AddRecipeViewController.swift */; };
		2051F34023963E300018B7B4 /* RecipeTableViewController.swift in Sources */ = {isa = PBXBuildFile; fileRef = 2051F33F23963E300018B7B4 /* RecipeTableViewController.swift */; };
/* End PBXBuildFile section */

/* Begin PBXFileReference section */
		2051F31B239636B10018B7B4 /* MADRevisionPaper2.app */ = {isa = PBXFileReference; explicitFileType = wrapper.application; includeInIndex = 0; path = MADRevisionPaper2.app; sourceTree = BUILT_PRODUCTS_DIR; };
		2051F31E239636B10018B7B4 /* AppDelegate.swift */ = {isa = PBXFileReference; lastKnownFileType = sourcecode.swift; path = AppDelegate.swift; sourceTree = "<group>"; };
		2051F320239636B10018B7B4 /* SceneDelegate.swift */ = {isa = PBXFileReference; lastKnownFileType = sourcecode.swift; path = SceneDelegate.swift; sourceTree = "<group>"; };
		2051F322239636B10018B7B4 /* ViewController.swift */ = {isa = PBXFileReference; lastKnownFileType = sourcecode.swift; path = ViewController.swift; sourceTree = "<group>"; };
		2051F325239636B10018B7B4 /* Base */ = {isa = PBXFileReference; lastKnownFileType = file.storyboard; name = Base; path = Base.lproj/Main.storyboard; sourceTree = "<group>"; };
		2051F328239636B10018B7B4 /* MADRevisionPaper2.xcdatamodel */ = {isa = PBXFileReference; lastKnownFileType = wrapper.xcdatamodel; path = MADRevisionPaper2.xcdatamodel; sourceTree = "<group>"; };
		2051F32A239636B20018B7B4 /* Assets.xcassets */ = {isa = PBXFileReference; lastKnownFileType = folder.assetcatalog; path = Assets.xcassets; sourceTree = "<group>"; };
		2051F32D239636B20018B7B4 /* Base */ = {isa = PBXFileReference; lastKnownFileType = file.storyboard; name = Base; path = Base.lproj/LaunchScreen.storyboard; sourceTree = "<group>"; };
		2051F32F239636B20018B7B4 /* Info.plist */ = {isa = PBXFileReference; lastKnownFileType = text.plist.xml; path = Info.plist; sourceTree = "<group>"; };
		2051F33723963AFA0018B7B4 /* Recipe.swift */ = {isa = PBXFileReference; lastKnownFileType = sourcecode.swift; path = Recipe.swift; sourceTree = "<group>"; };
		2051F33923963B0C0018B7B4 /* Ingredient.swift */ = {isa = PBXFileReference; lastKnownFileType = sourcecode.swift; path = Ingredient.swift; sourceTree = "<group>"; };
		2051F33B23963BA60018B7B4 /* RecipeController.swift */ = {isa = PBXFileReference; lastKnownFileType = sourcecode.swift; path = RecipeController.swift; sourceTree = "<group>"; };
		2051F33D23963D2D0018B7B4 /* AddRecipeViewController.swift */ = {isa = PBXFileReference; lastKnownFileType = sourcecode.swift; path = AddRecipeViewController.swift; sourceTree = "<group>"; };
		2051F33F23963E300018B7B4 /* RecipeTableViewController.swift */ = {isa = PBXFileReference; lastKnownFileType = sourcecode.swift; path = RecipeTableViewController.swift; sourceTree = "<group>"; };
/* End PBXFileReference section */

/* Begin PBXFrameworksBuildPhase section */
		2051F318239636B10018B7B4 /* Frameworks */ = {
			isa = PBXFrameworksBuildPhase;
			buildActionMask = 2147483647;
			files = (
			);
			runOnlyForDeploymentPostprocessing = 0;
		};
/* End PBXFrameworksBuildPhase section */

/* Begin PBXGroup section */
		2051F312239636B00018B7B4 = {
			isa = PBXGroup;
			children = (
				2051F31D239636B10018B7B4 /* MADRevisionPaper2 */,
				2051F31C239636B10018B7B4 /* Products */,
			);
			sourceTree = "<group>";
		};
		2051F31C239636B10018B7B4 /* Products */ = {
			isa = PBXGroup;
			children = (
				2051F31B239636B10018B7B4 /* MADRevisionPaper2.app */,
			);
			name = Products;
			sourceTree = "<group>";
		};
		2051F31D239636B10018B7B4 /* MADRevisionPaper2 */ = {
			isa = PBXGroup;
			children = (
				2051F31E239636B10018B7B4 /* AppDelegate.swift */,
				2051F320239636B10018B7B4 /* SceneDelegate.swift */,
				2051F322239636B10018B7B4 /* ViewController.swift */,
				2051F324239636B10018B7B4 /* Main.storyboard */,
				2051F32A239636B20018B7B4 /* Assets.xcassets */,
				2051F32C239636B20018B7B4 /* LaunchScreen.storyboard */,
				2051F32F239636B20018B7B4 /* Info.plist */,
				2051F327239636B10018B7B4 /* MADRevisionPaper2.xcdatamodeld */,
				2051F33723963AFA0018B7B4 /* Recipe.swift */,
				2051F33923963B0C0018B7B4 /* Ingredient.swift */,
				2051F33B23963BA60018B7B4 /* RecipeController.swift */,
				2051F33D23963D2D0018B7B4 /* AddRecipeViewController.swift */,
				2051F33F23963E300018B7B4 /* RecipeTableViewController.swift */,
			);
			path = MADRevisionPaper2;
			sourceTree = "<group>";
		};
/* End PBXGroup section */

/* Begin PBXNativeTarget section */
		2051F31A239636B10018B7B4 /* MADRevisionPaper2 */ = {
			isa = PBXNativeTarget;
			buildConfigurationList = 2051F332239636B20018B7B4 /* Build configuration list for PBXNativeTarget "MADRevisionPaper2" */;
			buildPhases = (
				2051F317239636B10018B7B4 /* Sources */,
				2051F318239636B10018B7B4 /* Frameworks */,
				2051F319239636B10018B7B4 /* Resources */,
			);
			buildRules = (
			);
			dependencies = (
			);
			name = MADRevisionPaper2;
			productName = MADRevisionPaper2;
			productReference = 2051F31B239636B10018B7B4 /* MADRevisionPaper2.app */;
			productType = "com.apple.product-type.application";
		};
/* End PBXNativeTarget section */

/* Begin PBXProject section */
		2051F313239636B00018B7B4 /* Project object */ = {
			isa = PBXProject;
			attributes = {
				LastSwiftUpdateCheck = 1130;
				LastUpgradeCheck = 1130;
				ORGANIZATIONNAME = "Brian Chew";
				TargetAttributes = {
					2051F31A239636B10018B7B4 = {
						CreatedOnToolsVersion = 11.3;
					};
				};
			};
			buildConfigurationList = 2051F316239636B00018B7B4 /* Build configuration list for PBXProject "MADRevisionPaper2" */;
			compatibilityVersion = "Xcode 9.3";
			developmentRegion = en;
			hasScannedForEncodings = 0;
			knownRegions = (
				en,
				Base,
			);
			mainGroup = 2051F312239636B00018B7B4;
			productRefGroup = 2051F31C239636B10018B7B4 /* Products */;
			projectDirPath = "";
			projectRoot = "";
			targets = (
				2051F31A239636B10018B7B4 /* MADRevisionPaper2 */,
			);
		};
/* End PBXProject section */

/* Begin PBXResourcesBuildPhase section */
		2051F319239636B10018B7B4 /* Resources */ = {
			isa = PBXResourcesBuildPhase;
			buildActionMask = 2147483647;
			files = (
				2051F32E239636B20018B7B4 /* LaunchScreen.storyboard in Resources */,
				2051F32B239636B20018B7B4 /* Assets.xcassets in Resources */,
				2051F326239636B10018B7B4 /* Main.storyboard in Resources */,
			);
			runOnlyForDeploymentPostprocessing = 0;
		};
/* End PBXResourcesBuildPhase section */

/* Begin PBXSourcesBuildPhase section */
		2051F317239636B10018B7B4 /* Sources */ = {
			isa = PBXSourcesBuildPhase;
			buildActionMask = 2147483647;
			files = (
				2051F34023963E300018B7B4 /* RecipeTableViewController.swift in Sources */,
				2051F33E23963D2D0018B7B4 /* AddRecipeViewController.swift in Sources */,
				2051F323239636B10018B7B4 /* ViewController.swift in Sources */,
				2051F329239636B10018B7B4 /* MADRevisionPaper2.xcdatamodeld in Sources */,
				2051F33C23963BA60018B7B4 /* RecipeController.swift in Sources */,
				2051F33A23963B0C0018B7B4 /* Ingredient.swift in Sources */,
				2051F31F239636B10018B7B4 /* AppDelegate.swift in Sources */,
				2051F321239636B10018B7B4 /* SceneDelegate.swift in Sources */,
				2051F33823963AFA0018B7B4 /* Recipe.swift in Sources */,
			);
			runOnlyForDeploymentPostprocessing = 0;
		};
/* End PBXSourcesBuildPhase section */

/* Begin PBXVariantGroup section */
		2051F324239636B10018B7B4 /* Main.storyboard */ = {
			isa = PBXVariantGroup;
			children = (
				2051F325239636B10018B7B4 /* Base */,
			);
			name = Main.storyboard;
			sourceTree = "<group>";
		};
		2051F32C239636B20018B7B4 /* LaunchScreen.storyboard */ = {
			isa = PBXVariantGroup;
			children = (
				2051F32D239636B20018B7B4 /* Base */,
			);
			name = LaunchScreen.storyboard;
			sourceTree = "<group>";
		};
/* End PBXVariantGroup section */

/* Begin XCBuildConfiguration section */
		2051F330239636B20018B7B4 /* Debug */ = {
			isa = XCBuildConfiguration;
			buildSettings = {
				ALWAYS_SEARCH_USER_PATHS = NO;
				CLANG_ANALYZER_NONNULL = YES;
				CLANG_ANALYZER_NUMBER_OBJECT_CONVERSION = YES_AGGRESSIVE;
				CLANG_CXX_LANGUAGE_STANDARD = "gnu++14";
				CLANG_CXX_LIBRARY = "libc++";
				CLANG_ENABLE_MODULES = YES;
				CLANG_ENABLE_OBJC_ARC = YES;
				CLANG_ENABLE_OBJC_WEAK = YES;
				CLANG_WARN_BLOCK_CAPTURE_AUTORELEASING = YES;
				CLANG_WARN_BOOL_CONVERSION = YES;
				CLANG_WARN_COMMA = YES;
				CLANG_WARN_CONSTANT_CONVERSION = YES;
				CLANG_WARN_DEPRECATED_OBJC_IMPLEMENTATIONS = YES;
				CLANG_WARN_DIRECT_OBJC_ISA_USAGE = YES_ERROR;
				CLANG_WARN_DOCUMENTATION_COMMENTS = YES;
				CLANG_WARN_EMPTY_BODY = YES;
				CLANG_WARN_ENUM_CONVERSION = YES;
				CLANG_WARN_INFINITE_RECURSION = YES;
				CLANG_WARN_INT_CONVERSION = YES;
				CLANG_WARN_NON_LITERAL_NULL_CONVERSION = YES;
				CLANG_WARN_OBJC_IMPLICIT_RETAIN_SELF = YES;
				CLANG_WARN_OBJC_LITERAL_CONVERSION = YES;
				CLANG_WARN_OBJC_ROOT_CLASS = YES_ERROR;
				CLANG_WARN_RANGE_LOOP_ANALYSIS = YES;
				CLANG_WARN_STRICT_PROTOTYPES = YES;
				CLANG_WARN_SUSPICIOUS_MOVE = YES;
				CLANG_WARN_UNGUARDED_AVAILABILITY = YES_AGGRESSIVE;
				CLANG_WARN_UNREACHABLE_CODE = YES;
				CLANG_WARN__DUPLICATE_METHOD_MATCH = YES;
				COPY_PHASE_STRIP = NO;
				DEBUG_INFORMATION_FORMAT = dwarf;
				ENABLE_STRICT_OBJC_MSGSEND = YES;
				ENABLE_TESTABILITY = YES;
				GCC_C_LANGUAGE_STANDARD = gnu11;
				GCC_DYNAMIC_NO_PIC = NO;
				GCC_NO_COMMON_BLOCKS = YES;
				GCC_OPTIMIZATION_LEVEL = 0;
				GCC_PREPROCESSOR_DEFINITIONS = (
					"DEBUG=1",
					"$(inherited)",
				);
				GCC_WARN_64_TO_32_BIT_CONVERSION = YES;
				GCC_WARN_ABOUT_RETURN_TYPE = YES_ERROR;
				GCC_WARN_UNDECLARED_SELECTOR = YES;
				GCC_WARN_UNINITIALIZED_AUTOS = YES_AGGRESSIVE;
				GCC_WARN_UNUSED_FUNCTION = YES;
				GCC_WARN_UNUSED_VARIABLE = YES;
				IPHONEOS_DEPLOYMENT_TARGET = 13.2;
				MTL_ENABLE_DEBUG_INFO = INCLUDE_SOURCE;
				MTL_FAST_MATH = YES;
				ONLY_ACTIVE_ARCH = YES;
				SDKROOT = iphoneos;
				SWIFT_ACTIVE_COMPILATION_CONDITIONS = DEBUG;
				SWIFT_OPTIMIZATION_LEVEL = "-Onone";
			};
			name = Debug;
		};
		2051F331239636B20018B7B4 /* Release */ = {
			isa = XCBuildConfiguration;
			buildSettings = {
				ALWAYS_SEARCH_USER_PATHS = NO;
				CLANG_ANALYZER_NONNULL = YES;
				CLANG_ANALYZER_NUMBER_OBJECT_CONVERSION = YES_AGGRESSIVE;
				CLANG_CXX_LANGUAGE_STANDARD = "gnu++14";
				CLANG_CXX_LIBRARY = "libc++";
				CLANG_ENABLE_MODULES = YES;
				CLANG_ENABLE_OBJC_ARC = YES;
				CLANG_ENABLE_OBJC_WEAK = YES;
				CLANG_WARN_BLOCK_CAPTURE_AUTORELEASING = YES;
				CLANG_WARN_BOOL_CONVERSION = YES;
				CLANG_WARN_COMMA = YES;
				CLANG_WARN_CONSTANT_CONVERSION = YES;
				CLANG_WARN_DEPRECATED_OBJC_IMPLEMENTATIONS = YES;
				CLANG_WARN_DIRECT_OBJC_ISA_USAGE = YES_ERROR;
				CLANG_WARN_DOCUMENTATION_COMMENTS = YES;
				CLANG_WARN_EMPTY_BODY = YES;
				CLANG_WARN_ENUM_CONVERSION = YES;
				CLANG_WARN_INFINITE_RECURSION = YES;
				CLANG_WARN_INT_CONVERSION = YES;
				CLANG_WARN_NON_LITERAL_NULL_CONVERSION = YES;
				CLANG_WARN_OBJC_IMPLICIT_RETAIN_SELF = YES;
				CLANG_WARN_OBJC_LITERAL_CONVERSION = YES;
				CLANG_WARN_OBJC_ROOT_CLASS = YES_ERROR;
				CLANG_WARN_RANGE_LOOP_ANALYSIS = YES;
				CLANG_WARN_STRICT_PROTOTYPES = YES;
				CLANG_WARN_SUSPICIOUS_MOVE = YES;
				CLANG_WARN_UNGUARDED_AVAILABILITY = YES_AGGRESSIVE;
				CLANG_WARN_UNREACHABLE_CODE = YES;
				CLANG_WARN__DUPLICATE_METHOD_MATCH = YES;
				COPY_PHASE_STRIP = NO;
				DEBUG_INFORMATION_FORMAT = "dwarf-with-dsym";
				ENABLE_NS_ASSERTIONS = NO;
				ENABLE_STRICT_OBJC_MSGSEND = YES;
				GCC_C_LANGUAGE_STANDARD = gnu11;
				GCC_NO_COMMON_BLOCKS = YES;
				GCC_WARN_64_TO_32_BIT_CONVERSION = YES;
				GCC_WARN_ABOUT_RETURN_TYPE = YES_ERROR;
				GCC_WARN_UNDECLARED_SELECTOR = YES;
				GCC_WARN_UNINITIALIZED_AUTOS = YES_AGGRESSIVE;
				GCC_WARN_UNUSED_FUNCTION = YES;
				GCC_WARN_UNUSED_VARIABLE = YES;
				IPHONEOS_DEPLOYMENT_TARGET = 13.2;
				MTL_ENABLE_DEBUG_INFO = NO;
				MTL_FAST_MATH = YES;
				SDKROOT = iphoneos;
				SWIFT_COMPILATION_MODE = wholemodule;
				SWIFT_OPTIMIZATION_LEVEL = "-O";
				VALIDATE_PRODUCT = YES;
			};
			name = Release;
		};
		2051F333239636B20018B7B4 /* Debug */ = {
			isa = XCBuildConfiguration;
			buildSettings = {
				ASSETCATALOG_COMPILER_APPICON_NAME = AppIcon;
				CODE_SIGN_STYLE = Automatic;
				DEVELOPMENT_TEAM = W6JNF8VXYW;
				INFOPLIST_FILE = MADRevisionPaper2/Info.plist;
				LD_RUNPATH_SEARCH_PATHS = (
					"$(inherited)",
					"@executable_path/Frameworks",
				);
				PRODUCT_BUNDLE_IDENTIFIER = bchewy.me.MADRevisionPaper2;
				PRODUCT_NAME = "$(TARGET_NAME)";
				SWIFT_VERSION = 5.0;
				TARGETED_DEVICE_FAMILY = "1,2";
			};
			name = Debug;
		};
		2051F334239636B20018B7B4 /* Release */ = {
			isa = XCBuildConfiguration;
			buildSettings = {
				ASSETCATALOG_COMPILER_APPICON_NAME = AppIcon;
				CODE_SIGN_STYLE = Automatic;
				DEVELOPMENT_TEAM = W6JNF8VXYW;
				INFOPLIST_FILE = MADRevisionPaper2/Info.plist;
				LD_RUNPATH_SEARCH_PATHS = (
					"$(inherited)",
					"@executable_path/Frameworks",
				);
				PRODUCT_BUNDLE_IDENTIFIER = bchewy.me.MADRevisionPaper2;
				PRODUCT_NAME = "$(TARGET_NAME)";
				SWIFT_VERSION = 5.0;
				TARGETED_DEVICE_FAMILY = "1,2";
			};
			name = Release;
		};
/* End XCBuildConfiguration section */

/* Begin XCConfigurationList section */
		2051F316239636B00018B7B4 /* Build configuration list for PBXProject "MADRevisionPaper2" */ = {
			isa = XCConfigurationList;
			buildConfigurations = (
				2051F330239636B20018B7B4 /* Debug */,
				2051F331239636B20018B7B4 /* Release */,
			);
			defaultConfigurationIsVisible = 0;
			defaultConfigurationName = Release;
		};
		2051F332239636B20018B7B4 /* Build configuration list for PBXNativeTarget "MADRevisionPaper2" */ = {
			isa = XCConfigurationList;
			buildConfigurations = (
				2051F333239636B20018B7B4 /* Debug */,
				2051F334239636B20018B7B4 /* Release */,
			);
			defaultConfigurationIsVisible = 0;
			defaultConfigurationName = Release;
		};
/* End XCConfigurationList section */

/* Begin XCVersionGroup section */
		2051F327239636B10018B7B4 /* MADRevisionPaper2.xcdatamodeld */ = {
			isa = XCVersionGroup;
			children = (
				2051F328239636B10018B7B4 /* MADRevisionPaper2.xcdatamodel */,
			);
			currentVersion = 2051F328239636B10018B7B4 /* MADRevisionPaper2.xcdatamodel */;
			path = MADRevisionPaper2.xcdatamodeld;
			sourceTree = "<group>";
			versionGroupType = wrapper.xcdatamodel;
		};
/* End XCVersionGroup section */
	};
	rootObject = 2051F313239636B00018B7B4 /* Project object */;
}
